# This file is automatically @generated by Cargo.
# It is not intended for manual editing.
version = 4

[[package]]
name = "anim"
version = "0.1.0"
dependencies = [
 "sim",
 "view",
]

[[package]]
name = "hunt"
version = "0.1.0"
dependencies = [
 "sim",
]

[[package]]
name = "lab"
version = "0.1.0"
dependencies = [
 "anim",
 "hunt",
 "sim",
]

[[package]]
name = "sim"
version = "0.1.0"

[[package]]
name = "view"
version = "0.1.0"
dependencies = [
 "sim",
]
